// !$*UTF8*$!
{
	archiveVersion = 1;
	classes = {
	};
	objectVersion = 50;
	objects = {

/* Begin PBXBuildFile section */
		28546C672D0FE77E6A2445D8 /* Pods_RecipePuppyApp_RecipePuppyAppUITests.framework in Frameworks */ = {isa = PBXBuildFile; fileRef = 9E7654EDDAE5185EBE11E1F7 /* Pods_RecipePuppyApp_RecipePuppyAppUITests.framework */; };
		61E9E47F082B8D74D9E6E87A /* Pods_RecipePuppyApp.framework in Frameworks */ = {isa = PBXBuildFile; fileRef = CEFA260E9A53D54F6C6281C4 /* Pods_RecipePuppyApp.framework */; };
		75A566F49F8841C4EABB6929 /* Pods_RecipePuppyAppTests.framework in Frameworks */ = {isa = PBXBuildFile; fileRef = 84A9C22BE49F3AC395230D01 /* Pods_RecipePuppyAppTests.framework */; };
		9F5F9627234A2354008445C8 /* AppDelegate.swift in Sources */ = {isa = PBXBuildFile; fileRef = 9F5F9626234A2354008445C8 /* AppDelegate.swift */; };
		9F5F9630234A2355008445C8 /* Assets.xcassets in Resources */ = {isa = PBXBuildFile; fileRef = 9F5F962F234A2355008445C8 /* Assets.xcassets */; };
		9F5F9633234A2355008445C8 /* LaunchScreen.storyboard in Resources */ = {isa = PBXBuildFile; fileRef = 9F5F9631234A2355008445C8 /* LaunchScreen.storyboard */; };
		9F5F9649234A2355008445C8 /* RecipePuppyAppUITests.swift in Sources */ = {isa = PBXBuildFile; fileRef = 9F5F9648234A2355008445C8 /* RecipePuppyAppUITests.swift */; };
		9F5F9665234B2FD4008445C8 /* NetworkEndPoint.swift in Sources */ = {isa = PBXBuildFile; fileRef = 9F5F9664234B2FD4008445C8 /* NetworkEndPoint.swift */; };
		9F5F9667234B3079008445C8 /* HTTPMethod.swift in Sources */ = {isa = PBXBuildFile; fileRef = 9F5F9666234B3079008445C8 /* HTTPMethod.swift */; };
		9F5F966A234B30CD008445C8 /* HTTPTask.swift in Sources */ = {isa = PBXBuildFile; fileRef = 9F5F9669234B30CD008445C8 /* HTTPTask.swift */; };
		9F5F966C234B3298008445C8 /* ParameterEncoding.swift in Sources */ = {isa = PBXBuildFile; fileRef = 9F5F966B234B3298008445C8 /* ParameterEncoding.swift */; };
		9FB896A8234C796C004C3B85 /* NetworkError.swift in Sources */ = {isa = PBXBuildFile; fileRef = 9FB896A7234C796C004C3B85 /* NetworkError.swift */; };
		9FB896AA234C8121004C3B85 /* NetworkRouter.swift in Sources */ = {isa = PBXBuildFile; fileRef = 9FB896A9234C8121004C3B85 /* NetworkRouter.swift */; };
		9FB896B3234CD12E004C3B85 /* RecipesService.swift in Sources */ = {isa = PBXBuildFile; fileRef = 9FB896B2234CD12E004C3B85 /* RecipesService.swift */; };
		9FB896B6234CDA6F004C3B85 /* RecipeEndPoint.swift in Sources */ = {isa = PBXBuildFile; fileRef = 9FB896B5234CDA6F004C3B85 /* RecipeEndPoint.swift */; };
		9FB896B8234CE730004C3B85 /* NetworkConstants.swift in Sources */ = {isa = PBXBuildFile; fileRef = 9FB896B7234CE730004C3B85 /* NetworkConstants.swift */; };
		9FB896BA234CF40F004C3B85 /* RecipeEntity.swift in Sources */ = {isa = PBXBuildFile; fileRef = 9FB896B9234CF40F004C3B85 /* RecipeEntity.swift */; };
		9FB896BD234D05B2004C3B85 /* RecipeEntityDataMapper.swift in Sources */ = {isa = PBXBuildFile; fileRef = 9FB896BC234D05B2004C3B85 /* RecipeEntityDataMapper.swift */; };
		9FB896BF234D05F6004C3B85 /* DataMapperProtocol.swift in Sources */ = {isa = PBXBuildFile; fileRef = 9FB896BE234D05F6004C3B85 /* DataMapperProtocol.swift */; };
		9FB896C1234D06C0004C3B85 /* Recipe.swift in Sources */ = {isa = PBXBuildFile; fileRef = 9FB896C0234D06C0004C3B85 /* Recipe.swift */; };
		9FB896C3234D18C3004C3B85 /* RecipeRepository.swift in Sources */ = {isa = PBXBuildFile; fileRef = 9FB896C2234D18C3004C3B85 /* RecipeRepository.swift */; };
		9FB896C5234D1F42004C3B85 /* RecipeRepositoryImpl.swift in Sources */ = {isa = PBXBuildFile; fileRef = 9FB896C4234D1F42004C3B85 /* RecipeRepositoryImpl.swift */; };
		9FB896C7234D3FB2004C3B85 /* NetworkRequestBuilder.swift in Sources */ = {isa = PBXBuildFile; fileRef = 9FB896C6234D3FB2004C3B85 /* NetworkRequestBuilder.swift */; };
		9FB896C9234DCE63004C3B85 /* RecipeApiResponse.swift in Sources */ = {isa = PBXBuildFile; fileRef = 9FB896C8234DCE63004C3B85 /* RecipeApiResponse.swift */; };
		9FB896CD234DD906004C3B85 /* GetRecipeUseCase.swift in Sources */ = {isa = PBXBuildFile; fileRef = 9FB896CC234DD906004C3B85 /* GetRecipeUseCase.swift */; };
		9FB896CF234DEC34004C3B85 /* Mock.generated.swift in Sources */ = {isa = PBXBuildFile; fileRef = 9FB896CE234DEC34004C3B85 /* Mock.generated.swift */; };
		9FB896D7234E3066004C3B85 /* RecipesListPresenter.swift in Sources */ = {isa = PBXBuildFile; fileRef = 9FB896D3234E3066004C3B85 /* RecipesListPresenter.swift */; };
		9FB896D8234E3066004C3B85 /* RecipesListInteractor.swift in Sources */ = {isa = PBXBuildFile; fileRef = 9FB896D4234E3066004C3B85 /* RecipesListInteractor.swift */; };
		9FB896D9234E3066004C3B85 /* RecipesListRouter.swift in Sources */ = {isa = PBXBuildFile; fileRef = 9FB896D5234E3066004C3B85 /* RecipesListRouter.swift */; };
		9FB896DA234E3066004C3B85 /* RecipesListViewController.swift in Sources */ = {isa = PBXBuildFile; fileRef = 9FB896D6234E3066004C3B85 /* RecipesListViewController.swift */; };
		9FB896DD234E3123004C3B85 /* RecipesListViewController.xib in Resources */ = {isa = PBXBuildFile; fileRef = 9FB896DC234E3123004C3B85 /* RecipesListViewController.xib */; };
		9FB896E0234E373E004C3B85 /* RecipeCollectionViewCell.swift in Sources */ = {isa = PBXBuildFile; fileRef = 9FB896DE234E373E004C3B85 /* RecipeCollectionViewCell.swift */; };
		9FB896E1234E373E004C3B85 /* RecipeCollectionViewCell.xib in Resources */ = {isa = PBXBuildFile; fileRef = 9FB896DF234E373E004C3B85 /* RecipeCollectionViewCell.xib */; };
		9FB896EC234E4522004C3B85 /* RecipeCollectionCellViewModel.swift in Sources */ = {isa = PBXBuildFile; fileRef = 9FB896EB234E4522004C3B85 /* RecipeCollectionCellViewModel.swift */; };
		9FB896F2234F795F004C3B85 /* WebViewController.swift in Sources */ = {isa = PBXBuildFile; fileRef = 9FB896F0234F795F004C3B85 /* WebViewController.swift */; };
		9FB896F3234F795F004C3B85 /* WebViewController.xib in Resources */ = {isa = PBXBuildFile; fileRef = 9FB896F1234F795F004C3B85 /* WebViewController.xib */; };
		9FB896F6234F8D0D004C3B85 /* LocalDataManager.swift in Sources */ = {isa = PBXBuildFile; fileRef = 9FB896F5234F8D0D004C3B85 /* LocalDataManager.swift */; };
		9FB896FA234FB4EF004C3B85 /* GetFavoriteRecipesUseCase.swift in Sources */ = {isa = PBXBuildFile; fileRef = 9FB896F9234FB4EF004C3B85 /* GetFavoriteRecipesUseCase.swift */; };
		9FB896FC234FBBD5004C3B85 /* SaveFavoriteRecipeUseCase.swift in Sources */ = {isa = PBXBuildFile; fileRef = 9FB896FB234FBBD5004C3B85 /* SaveFavoriteRecipeUseCase.swift */; };
		9FB89703234FD8D2004C3B85 /* FavoriteRecipesListPresenter.swift in Sources */ = {isa = PBXBuildFile; fileRef = 9FB896FF234FD8D2004C3B85 /* FavoriteRecipesListPresenter.swift */; };
		9FB89704234FD8D2004C3B85 /* FavoriteRecipesListInteractor.swift in Sources */ = {isa = PBXBuildFile; fileRef = 9FB89700234FD8D2004C3B85 /* FavoriteRecipesListInteractor.swift */; };
		9FB89705234FD8D2004C3B85 /* FavoriteRecipesListRouter.swift in Sources */ = {isa = PBXBuildFile; fileRef = 9FB89701234FD8D2004C3B85 /* FavoriteRecipesListRouter.swift */; };
		9FB89706234FD8D2004C3B85 /* FavoriteRecipesListViewController.swift in Sources */ = {isa = PBXBuildFile; fileRef = 9FB89702234FD8D2004C3B85 /* FavoriteRecipesListViewController.swift */; };
		9FB89708234FDA49004C3B85 /* FavoriteRecipesListViewController.xib in Resources */ = {isa = PBXBuildFile; fileRef = 9FB89707234FDA49004C3B85 /* FavoriteRecipesListViewController.xib */; };
		9FB8970B235065C2004C3B85 /* FavoriteRecipesModuleTests.swift in Sources */ = {isa = PBXBuildFile; fileRef = 9FB8970A235065C2004C3B85 /* FavoriteRecipesModuleTests.swift */; };
		9FB8970D235065F8004C3B85 /* RecipesListModuleTests.swift in Sources */ = {isa = PBXBuildFile; fileRef = 9FB8970C235065F8004C3B85 /* RecipesListModuleTests.swift */; };
/* End PBXBuildFile section */

/* Begin PBXContainerItemProxy section */
		9F5F963A234A2355008445C8 /* PBXContainerItemProxy */ = {
			isa = PBXContainerItemProxy;
			containerPortal = 9F5F961B234A2354008445C8 /* Project object */;
			proxyType = 1;
			remoteGlobalIDString = 9F5F9622234A2354008445C8;
			remoteInfo = RecipePuppyApp;
		};
		9F5F9645234A2355008445C8 /* PBXContainerItemProxy */ = {
			isa = PBXContainerItemProxy;
			containerPortal = 9F5F961B234A2354008445C8 /* Project object */;
			proxyType = 1;
			remoteGlobalIDString = 9F5F9622234A2354008445C8;
			remoteInfo = RecipePuppyApp;
		};
/* End PBXContainerItemProxy section */

/* Begin PBXFileReference section */
		17540DE20050C021B6C31F3C /* Pods-RecipePuppyApp-RecipePuppyAppUITests.release.xcconfig */ = {isa = PBXFileReference; includeInIndex = 1; lastKnownFileType = text.xcconfig; name = "Pods-RecipePuppyApp-RecipePuppyAppUITests.release.xcconfig"; path = "Target Support Files/Pods-RecipePuppyApp-RecipePuppyAppUITests/Pods-RecipePuppyApp-RecipePuppyAppUITests.release.xcconfig"; sourceTree = "<group>"; };
		1941B9B1B78659521D0410C5 /* Pods-RecipePuppyApp-RecipePuppyAppUITests.debug.xcconfig */ = {isa = PBXFileReference; includeInIndex = 1; lastKnownFileType = text.xcconfig; name = "Pods-RecipePuppyApp-RecipePuppyAppUITests.debug.xcconfig"; path = "Target Support Files/Pods-RecipePuppyApp-RecipePuppyAppUITests/Pods-RecipePuppyApp-RecipePuppyAppUITests.debug.xcconfig"; sourceTree = "<group>"; };
		81585B525A9E331A7D60434D /* Pods-RecipePuppyAppTests.debug.xcconfig */ = {isa = PBXFileReference; includeInIndex = 1; lastKnownFileType = text.xcconfig; name = "Pods-RecipePuppyAppTests.debug.xcconfig"; path = "Target Support Files/Pods-RecipePuppyAppTests/Pods-RecipePuppyAppTests.debug.xcconfig"; sourceTree = "<group>"; };
		84A9C22BE49F3AC395230D01 /* Pods_RecipePuppyAppTests.framework */ = {isa = PBXFileReference; explicitFileType = wrapper.framework; includeInIndex = 0; path = Pods_RecipePuppyAppTests.framework; sourceTree = BUILT_PRODUCTS_DIR; };
		900DF60DDC75C5CAC9C129C7 /* Pods-RecipePuppyApp.release.xcconfig */ = {isa = PBXFileReference; includeInIndex = 1; lastKnownFileType = text.xcconfig; name = "Pods-RecipePuppyApp.release.xcconfig"; path = "Target Support Files/Pods-RecipePuppyApp/Pods-RecipePuppyApp.release.xcconfig"; sourceTree = "<group>"; };
		9E7654EDDAE5185EBE11E1F7 /* Pods_RecipePuppyApp_RecipePuppyAppUITests.framework */ = {isa = PBXFileReference; explicitFileType = wrapper.framework; includeInIndex = 0; path = Pods_RecipePuppyApp_RecipePuppyAppUITests.framework; sourceTree = BUILT_PRODUCTS_DIR; };
		9F5F9623234A2354008445C8 /* RecipePuppyApp.app */ = {isa = PBXFileReference; explicitFileType = wrapper.application; includeInIndex = 0; path = RecipePuppyApp.app; sourceTree = BUILT_PRODUCTS_DIR; };
		9F5F9626234A2354008445C8 /* AppDelegate.swift */ = {isa = PBXFileReference; lastKnownFileType = sourcecode.swift; path = AppDelegate.swift; sourceTree = "<group>"; };
		9F5F962F234A2355008445C8 /* Assets.xcassets */ = {isa = PBXFileReference; lastKnownFileType = folder.assetcatalog; path = Assets.xcassets; sourceTree = "<group>"; };
		9F5F9632234A2355008445C8 /* Base */ = {isa = PBXFileReference; lastKnownFileType = file.storyboard; name = Base; path = Base.lproj/LaunchScreen.storyboard; sourceTree = "<group>"; };
		9F5F9634234A2355008445C8 /* Info.plist */ = {isa = PBXFileReference; lastKnownFileType = text.plist.xml; path = Info.plist; sourceTree = "<group>"; };
		9F5F9639234A2355008445C8 /* RecipePuppyAppTests.xctest */ = {isa = PBXFileReference; explicitFileType = wrapper.cfbundle; includeInIndex = 0; path = RecipePuppyAppTests.xctest; sourceTree = BUILT_PRODUCTS_DIR; };
		9F5F963F234A2355008445C8 /* Info.plist */ = {isa = PBXFileReference; lastKnownFileType = text.plist.xml; path = Info.plist; sourceTree = "<group>"; };
		9F5F9644234A2355008445C8 /* RecipePuppyAppUITests.xctest */ = {isa = PBXFileReference; explicitFileType = wrapper.cfbundle; includeInIndex = 0; path = RecipePuppyAppUITests.xctest; sourceTree = BUILT_PRODUCTS_DIR; };
		9F5F9648234A2355008445C8 /* RecipePuppyAppUITests.swift */ = {isa = PBXFileReference; lastKnownFileType = sourcecode.swift; path = RecipePuppyAppUITests.swift; sourceTree = "<group>"; };
		9F5F964A234A2355008445C8 /* Info.plist */ = {isa = PBXFileReference; lastKnownFileType = text.plist.xml; path = Info.plist; sourceTree = "<group>"; };
		9F5F9664234B2FD4008445C8 /* NetworkEndPoint.swift */ = {isa = PBXFileReference; lastKnownFileType = sourcecode.swift; path = NetworkEndPoint.swift; sourceTree = "<group>"; };
		9F5F9666234B3079008445C8 /* HTTPMethod.swift */ = {isa = PBXFileReference; lastKnownFileType = sourcecode.swift; path = HTTPMethod.swift; sourceTree = "<group>"; };
		9F5F9669234B30CD008445C8 /* HTTPTask.swift */ = {isa = PBXFileReference; lastKnownFileType = sourcecode.swift; path = HTTPTask.swift; sourceTree = "<group>"; };
		9F5F966B234B3298008445C8 /* ParameterEncoding.swift */ = {isa = PBXFileReference; lastKnownFileType = sourcecode.swift; path = ParameterEncoding.swift; sourceTree = "<group>"; };
		9FB896A7234C796C004C3B85 /* NetworkError.swift */ = {isa = PBXFileReference; lastKnownFileType = sourcecode.swift; path = NetworkError.swift; sourceTree = "<group>"; };
		9FB896A9234C8121004C3B85 /* NetworkRouter.swift */ = {isa = PBXFileReference; lastKnownFileType = sourcecode.swift; path = NetworkRouter.swift; sourceTree = "<group>"; };
		9FB896B2234CD12E004C3B85 /* RecipesService.swift */ = {isa = PBXFileReference; lastKnownFileType = sourcecode.swift; path = RecipesService.swift; sourceTree = "<group>"; };
		9FB896B5234CDA6F004C3B85 /* RecipeEndPoint.swift */ = {isa = PBXFileReference; lastKnownFileType = sourcecode.swift; path = RecipeEndPoint.swift; sourceTree = "<group>"; };
		9FB896B7234CE730004C3B85 /* NetworkConstants.swift */ = {isa = PBXFileReference; lastKnownFileType = sourcecode.swift; path = NetworkConstants.swift; sourceTree = "<group>"; };
		9FB896B9234CF40F004C3B85 /* RecipeEntity.swift */ = {isa = PBXFileReference; lastKnownFileType = sourcecode.swift; path = RecipeEntity.swift; sourceTree = "<group>"; };
		9FB896BC234D05B2004C3B85 /* RecipeEntityDataMapper.swift */ = {isa = PBXFileReference; lastKnownFileType = sourcecode.swift; path = RecipeEntityDataMapper.swift; sourceTree = "<group>"; };
		9FB896BE234D05F6004C3B85 /* DataMapperProtocol.swift */ = {isa = PBXFileReference; lastKnownFileType = sourcecode.swift; path = DataMapperProtocol.swift; sourceTree = "<group>"; };
		9FB896C0234D06C0004C3B85 /* Recipe.swift */ = {isa = PBXFileReference; lastKnownFileType = sourcecode.swift; path = Recipe.swift; sourceTree = "<group>"; };
		9FB896C2234D18C3004C3B85 /* RecipeRepository.swift */ = {isa = PBXFileReference; lastKnownFileType = sourcecode.swift; path = RecipeRepository.swift; sourceTree = "<group>"; };
		9FB896C4234D1F42004C3B85 /* RecipeRepositoryImpl.swift */ = {isa = PBXFileReference; lastKnownFileType = sourcecode.swift; path = RecipeRepositoryImpl.swift; sourceTree = "<group>"; };
		9FB896C6234D3FB2004C3B85 /* NetworkRequestBuilder.swift */ = {isa = PBXFileReference; lastKnownFileType = sourcecode.swift; path = NetworkRequestBuilder.swift; sourceTree = "<group>"; };
		9FB896C8234DCE63004C3B85 /* RecipeApiResponse.swift */ = {isa = PBXFileReference; lastKnownFileType = sourcecode.swift; path = RecipeApiResponse.swift; sourceTree = "<group>"; };
		9FB896CC234DD906004C3B85 /* GetRecipeUseCase.swift */ = {isa = PBXFileReference; lastKnownFileType = sourcecode.swift; path = GetRecipeUseCase.swift; sourceTree = "<group>"; };
		9FB896CE234DEC34004C3B85 /* Mock.generated.swift */ = {isa = PBXFileReference; fileEncoding = 4; lastKnownFileType = sourcecode.swift; path = Mock.generated.swift; sourceTree = "<group>"; };
		9FB896D3234E3066004C3B85 /* RecipesListPresenter.swift */ = {isa = PBXFileReference; fileEncoding = 4; lastKnownFileType = sourcecode.swift; path = RecipesListPresenter.swift; sourceTree = "<group>"; };
		9FB896D4234E3066004C3B85 /* RecipesListInteractor.swift */ = {isa = PBXFileReference; fileEncoding = 4; lastKnownFileType = sourcecode.swift; path = RecipesListInteractor.swift; sourceTree = "<group>"; };
		9FB896D5234E3066004C3B85 /* RecipesListRouter.swift */ = {isa = PBXFileReference; fileEncoding = 4; lastKnownFileType = sourcecode.swift; path = RecipesListRouter.swift; sourceTree = "<group>"; };
		9FB896D6234E3066004C3B85 /* RecipesListViewController.swift */ = {isa = PBXFileReference; fileEncoding = 4; lastKnownFileType = sourcecode.swift; path = RecipesListViewController.swift; sourceTree = "<group>"; };
		9FB896DC234E3123004C3B85 /* RecipesListViewController.xib */ = {isa = PBXFileReference; lastKnownFileType = file.xib; path = RecipesListViewController.xib; sourceTree = "<group>"; };
		9FB896DE234E373E004C3B85 /* RecipeCollectionViewCell.swift */ = {isa = PBXFileReference; lastKnownFileType = sourcecode.swift; path = RecipeCollectionViewCell.swift; sourceTree = "<group>"; };
		9FB896DF234E373E004C3B85 /* RecipeCollectionViewCell.xib */ = {isa = PBXFileReference; lastKnownFileType = file.xib; path = RecipeCollectionViewCell.xib; sourceTree = "<group>"; };
		9FB896EB234E4522004C3B85 /* RecipeCollectionCellViewModel.swift */ = {isa = PBXFileReference; lastKnownFileType = sourcecode.swift; path = RecipeCollectionCellViewModel.swift; sourceTree = "<group>"; };
		9FB896F0234F795F004C3B85 /* WebViewController.swift */ = {isa = PBXFileReference; lastKnownFileType = sourcecode.swift; path = WebViewController.swift; sourceTree = "<group>"; };
		9FB896F1234F795F004C3B85 /* WebViewController.xib */ = {isa = PBXFileReference; lastKnownFileType = file.xib; path = WebViewController.xib; sourceTree = "<group>"; };
		9FB896F5234F8D0D004C3B85 /* LocalDataManager.swift */ = {isa = PBXFileReference; lastKnownFileType = sourcecode.swift; path = LocalDataManager.swift; sourceTree = "<group>"; };
		9FB896F9234FB4EF004C3B85 /* GetFavoriteRecipesUseCase.swift */ = {isa = PBXFileReference; lastKnownFileType = sourcecode.swift; path = GetFavoriteRecipesUseCase.swift; sourceTree = "<group>"; };
		9FB896FB234FBBD5004C3B85 /* SaveFavoriteRecipeUseCase.swift */ = {isa = PBXFileReference; lastKnownFileType = sourcecode.swift; path = SaveFavoriteRecipeUseCase.swift; sourceTree = "<group>"; };
		9FB896FF234FD8D2004C3B85 /* FavoriteRecipesListPresenter.swift */ = {isa = PBXFileReference; fileEncoding = 4; lastKnownFileType = sourcecode.swift; path = FavoriteRecipesListPresenter.swift; sourceTree = "<group>"; };
		9FB89700234FD8D2004C3B85 /* FavoriteRecipesListInteractor.swift */ = {isa = PBXFileReference; fileEncoding = 4; lastKnownFileType = sourcecode.swift; path = FavoriteRecipesListInteractor.swift; sourceTree = "<group>"; };
		9FB89701234FD8D2004C3B85 /* FavoriteRecipesListRouter.swift */ = {isa = PBXFileReference; fileEncoding = 4; lastKnownFileType = sourcecode.swift; path = FavoriteRecipesListRouter.swift; sourceTree = "<group>"; };
		9FB89702234FD8D2004C3B85 /* FavoriteRecipesListViewController.swift */ = {isa = PBXFileReference; fileEncoding = 4; lastKnownFileType = sourcecode.swift; path = FavoriteRecipesListViewController.swift; sourceTree = "<group>"; };
		9FB89707234FDA49004C3B85 /* FavoriteRecipesListViewController.xib */ = {isa = PBXFileReference; lastKnownFileType = file.xib; path = FavoriteRecipesListViewController.xib; sourceTree = "<group>"; };
		9FB8970A235065C2004C3B85 /* FavoriteRecipesModuleTests.swift */ = {isa = PBXFileReference; lastKnownFileType = sourcecode.swift; path = FavoriteRecipesModuleTests.swift; sourceTree = "<group>"; };
		9FB8970C235065F8004C3B85 /* RecipesListModuleTests.swift */ = {isa = PBXFileReference; lastKnownFileType = sourcecode.swift; path = RecipesListModuleTests.swift; sourceTree = "<group>"; };
		CEFA260E9A53D54F6C6281C4 /* Pods_RecipePuppyApp.framework */ = {isa = PBXFileReference; explicitFileType = wrapper.framework; includeInIndex = 0; path = Pods_RecipePuppyApp.framework; sourceTree = BUILT_PRODUCTS_DIR; };
		D7F1A562B48E2B23DF5E0BC7 /* Pods-RecipePuppyApp.debug.xcconfig */ = {isa = PBXFileReference; includeInIndex = 1; lastKnownFileType = text.xcconfig; name = "Pods-RecipePuppyApp.debug.xcconfig"; path = "Target Support Files/Pods-RecipePuppyApp/Pods-RecipePuppyApp.debug.xcconfig"; sourceTree = "<group>"; };
		FE7207ECF90265C1E12A4BF9 /* Pods-RecipePuppyAppTests.release.xcconfig */ = {isa = PBXFileReference; includeInIndex = 1; lastKnownFileType = text.xcconfig; name = "Pods-RecipePuppyAppTests.release.xcconfig"; path = "Target Support Files/Pods-RecipePuppyAppTests/Pods-RecipePuppyAppTests.release.xcconfig"; sourceTree = "<group>"; };
/* End PBXFileReference section */

/* Begin PBXFrameworksBuildPhase section */
		9F5F9620234A2354008445C8 /* Frameworks */ = {
			isa = PBXFrameworksBuildPhase;
			buildActionMask = 2147483647;
			files = (
				61E9E47F082B8D74D9E6E87A /* Pods_RecipePuppyApp.framework in Frameworks */,
			);
			runOnlyForDeploymentPostprocessing = 0;
		};
		9F5F9636234A2355008445C8 /* Frameworks */ = {
			isa = PBXFrameworksBuildPhase;
			buildActionMask = 2147483647;
			files = (
				75A566F49F8841C4EABB6929 /* Pods_RecipePuppyAppTests.framework in Frameworks */,
			);
			runOnlyForDeploymentPostprocessing = 0;
		};
		9F5F9641234A2355008445C8 /* Frameworks */ = {
			isa = PBXFrameworksBuildPhase;
			buildActionMask = 2147483647;
			files = (
				28546C672D0FE77E6A2445D8 /* Pods_RecipePuppyApp_RecipePuppyAppUITests.framework in Frameworks */,
			);
			runOnlyForDeploymentPostprocessing = 0;
		};
/* End PBXFrameworksBuildPhase section */

/* Begin PBXGroup section */
		712BF226AB20647BB99AE7AF /* Pods */ = {
			isa = PBXGroup;
			children = (
				D7F1A562B48E2B23DF5E0BC7 /* Pods-RecipePuppyApp.debug.xcconfig */,
				900DF60DDC75C5CAC9C129C7 /* Pods-RecipePuppyApp.release.xcconfig */,
				1941B9B1B78659521D0410C5 /* Pods-RecipePuppyApp-RecipePuppyAppUITests.debug.xcconfig */,
				17540DE20050C021B6C31F3C /* Pods-RecipePuppyApp-RecipePuppyAppUITests.release.xcconfig */,
				81585B525A9E331A7D60434D /* Pods-RecipePuppyAppTests.debug.xcconfig */,
				FE7207ECF90265C1E12A4BF9 /* Pods-RecipePuppyAppTests.release.xcconfig */,
			);
			path = Pods;
			sourceTree = "<group>";
		};
		9F5F961A234A2354008445C8 = {
			isa = PBXGroup;
			children = (
				9F5F9625234A2354008445C8 /* RecipePuppyApp */,
				9F5F963C234A2355008445C8 /* RecipePuppyAppTests */,
				9F5F9647234A2355008445C8 /* RecipePuppyAppUITests */,
				9F5F9624234A2354008445C8 /* Products */,
				712BF226AB20647BB99AE7AF /* Pods */,
				D821AAB96680AFACD89F6B77 /* Frameworks */,
			);
			sourceTree = "<group>";
		};
		9F5F9624234A2354008445C8 /* Products */ = {
			isa = PBXGroup;
			children = (
				9F5F9623234A2354008445C8 /* RecipePuppyApp.app */,
				9F5F9639234A2355008445C8 /* RecipePuppyAppTests.xctest */,
				9F5F9644234A2355008445C8 /* RecipePuppyAppUITests.xctest */,
			);
			name = Products;
			sourceTree = "<group>";
		};
		9F5F9625234A2354008445C8 /* RecipePuppyApp */ = {
			isa = PBXGroup;
			children = (
				9F5F9634234A2355008445C8 /* Info.plist */,
				9F5F9656234A2D00008445C8 /* App */,
				9F5F9657234A2D0A008445C8 /* Data */,
				9F5F9658234A2D11008445C8 /* Domain */,
			);
			path = RecipePuppyApp;
			sourceTree = "<group>";
		};
		9F5F963C234A2355008445C8 /* RecipePuppyAppTests */ = {
			isa = PBXGroup;
			children = (
				9FB896CE234DEC34004C3B85 /* Mock.generated.swift */,
				9F5F963F234A2355008445C8 /* Info.plist */,
				9FB8970A235065C2004C3B85 /* FavoriteRecipesModuleTests.swift */,
				9FB8970C235065F8004C3B85 /* RecipesListModuleTests.swift */,
			);
			path = RecipePuppyAppTests;
			sourceTree = "<group>";
		};
		9F5F9647234A2355008445C8 /* RecipePuppyAppUITests */ = {
			isa = PBXGroup;
			children = (
				9F5F9648234A2355008445C8 /* RecipePuppyAppUITests.swift */,
				9F5F964A234A2355008445C8 /* Info.plist */,
			);
			path = RecipePuppyAppUITests;
			sourceTree = "<group>";
		};
		9F5F9656234A2D00008445C8 /* App */ = {
			isa = PBXGroup;
			children = (
				9F5F9626234A2354008445C8 /* AppDelegate.swift */,
				9F5F965A234A2D2E008445C8 /* UI */,
				9F5F9659234A2D26008445C8 /* Resources */,
			);
			path = App;
			sourceTree = "<group>";
		};
		9F5F9657234A2D0A008445C8 /* Data */ = {
			isa = PBXGroup;
			children = (
				9F5F965B234A2D96008445C8 /* Entities */,
				9F5F965C234A2D9F008445C8 /* Network */,
				9FB896F4234F8CEC004C3B85 /* LocalStorage */,
				9F5F965D234A2DAF008445C8 /* Repositories */,
			);
			path = Data;
			sourceTree = "<group>";
		};
		9F5F9658234A2D11008445C8 /* Domain */ = {
			isa = PBXGroup;
			children = (
				9F5F9660234A4663008445C8 /* Entities */,
				9F5F9661234A4669008445C8 /* Repository */,
				9F5F9662234A4685008445C8 /* UseCases */,
			);
			path = Domain;
			sourceTree = "<group>";
		};
		9F5F9659234A2D26008445C8 /* Resources */ = {
			isa = PBXGroup;
			children = (
				9F5F9631234A2355008445C8 /* LaunchScreen.storyboard */,
				9F5F962F234A2355008445C8 /* Assets.xcassets */,
			);
			path = Resources;
			sourceTree = "<group>";
		};
		9F5F965A234A2D2E008445C8 /* UI */ = {
			isa = PBXGroup;
			children = (
				9FB8970923505429004C3B85 /* ReusableComponents */,
				9FB896EF234F791D004C3B85 /* WebView */,
				9FB896FE234FD8D2004C3B85 /* FavoriteRecipesModule */,
				9FB896D2234E3066004C3B85 /* RecipesListModule */,
			);
			path = UI;
			sourceTree = "<group>";
		};
		9F5F965B234A2D96008445C8 /* Entities */ = {
			isa = PBXGroup;
			children = (
				9FB896BB234D0595004C3B85 /* Mappers */,
				9FB896B9234CF40F004C3B85 /* RecipeEntity.swift */,
				9FB896C8234DCE63004C3B85 /* RecipeApiResponse.swift */,
			);
			path = Entities;
			sourceTree = "<group>";
		};
		9F5F965C234A2D9F008445C8 /* Network */ = {
			isa = PBXGroup;
			children = (
				9F5F9668234B30BB008445C8 /* Base */,
				9FB896B4234CDA49004C3B85 /* Endpoint */,
				9F5F965F234A3B56008445C8 /* Services */,
			);
			path = Network;
			sourceTree = "<group>";
		};
		9F5F965D234A2DAF008445C8 /* Repositories */ = {
			isa = PBXGroup;
			children = (
				9FB896C4234D1F42004C3B85 /* RecipeRepositoryImpl.swift */,
			);
			path = Repositories;
			sourceTree = "<group>";
		};
		9F5F965F234A3B56008445C8 /* Services */ = {
			isa = PBXGroup;
			children = (
				9FB896B2234CD12E004C3B85 /* RecipesService.swift */,
			);
			path = Services;
			sourceTree = "<group>";
		};
		9F5F9660234A4663008445C8 /* Entities */ = {
			isa = PBXGroup;
			children = (
				9FB896C0234D06C0004C3B85 /* Recipe.swift */,
			);
			path = Entities;
			sourceTree = "<group>";
		};
		9F5F9661234A4669008445C8 /* Repository */ = {
			isa = PBXGroup;
			children = (
				9FB896C2234D18C3004C3B85 /* RecipeRepository.swift */,
			);
			path = Repository;
			sourceTree = "<group>";
		};
		9F5F9662234A4685008445C8 /* UseCases */ = {
			isa = PBXGroup;
			children = (
				9FB896FD234FBC3F004C3B85 /* Recipes */,
			);
			path = UseCases;
			sourceTree = "<group>";
		};
		9F5F9668234B30BB008445C8 /* Base */ = {
			isa = PBXGroup;
			children = (
				9FB896AD234C8B95004C3B85 /* Encoding */,
				9F5F9666234B3079008445C8 /* HTTPMethod.swift */,
				9F5F9669234B30CD008445C8 /* HTTPTask.swift */,
				9FB896A7234C796C004C3B85 /* NetworkError.swift */,
				9FB896A9234C8121004C3B85 /* NetworkRouter.swift */,
				9FB896B7234CE730004C3B85 /* NetworkConstants.swift */,
				9FB896C6234D3FB2004C3B85 /* NetworkRequestBuilder.swift */,
				9F5F9664234B2FD4008445C8 /* NetworkEndPoint.swift */,
			);
			path = Base;
			sourceTree = "<group>";
		};
		9FB896AD234C8B95004C3B85 /* Encoding */ = {
			isa = PBXGroup;
			children = (
				9F5F966B234B3298008445C8 /* ParameterEncoding.swift */,
			);
			path = Encoding;
			sourceTree = "<group>";
		};
		9FB896B4234CDA49004C3B85 /* Endpoint */ = {
			isa = PBXGroup;
			children = (
				9FB896B5234CDA6F004C3B85 /* RecipeEndPoint.swift */,
			);
			path = Endpoint;
			sourceTree = "<group>";
		};
		9FB896BB234D0595004C3B85 /* Mappers */ = {
			isa = PBXGroup;
			children = (
				9FB896BE234D05F6004C3B85 /* DataMapperProtocol.swift */,
				9FB896BC234D05B2004C3B85 /* RecipeEntityDataMapper.swift */,
			);
			path = Mappers;
			sourceTree = "<group>";
		};
		9FB896D2234E3066004C3B85 /* RecipesListModule */ = {
			isa = PBXGroup;
			children = (
				9FB896D3234E3066004C3B85 /* RecipesListPresenter.swift */,
				9FB896D4234E3066004C3B85 /* RecipesListInteractor.swift */,
				9FB896D5234E3066004C3B85 /* RecipesListRouter.swift */,
				9FB896D6234E3066004C3B85 /* RecipesListViewController.swift */,
				9FB896DC234E3123004C3B85 /* RecipesListViewController.xib */,
			);
			path = RecipesListModule;
			sourceTree = "<group>";
		};
		9FB896DB234E30F7004C3B85 /* Cell */ = {
			isa = PBXGroup;
			children = (
				9FB896DE234E373E004C3B85 /* RecipeCollectionViewCell.swift */,
				9FB896DF234E373E004C3B85 /* RecipeCollectionViewCell.xib */,
				9FB896EB234E4522004C3B85 /* RecipeCollectionCellViewModel.swift */,
			);
			path = Cell;
			sourceTree = "<group>";
		};
		9FB896EF234F791D004C3B85 /* WebView */ = {
			isa = PBXGroup;
			children = (
				9FB896F0234F795F004C3B85 /* WebViewController.swift */,
				9FB896F1234F795F004C3B85 /* WebViewController.xib */,
			);
			path = WebView;
			sourceTree = "<group>";
		};
		9FB896F4234F8CEC004C3B85 /* LocalStorage */ = {
			isa = PBXGroup;
			children = (
				9FB896F5234F8D0D004C3B85 /* LocalDataManager.swift */,
			);
			path = LocalStorage;
			sourceTree = "<group>";
		};
		9FB896FD234FBC3F004C3B85 /* Recipes */ = {
			isa = PBXGroup;
			children = (
				9FB896FB234FBBD5004C3B85 /* SaveFavoriteRecipeUseCase.swift */,
				9FB896F9234FB4EF004C3B85 /* GetFavoriteRecipesUseCase.swift */,
				9FB896CC234DD906004C3B85 /* GetRecipeUseCase.swift */,
			);
			path = Recipes;
			sourceTree = "<group>";
		};
		9FB896FE234FD8D2004C3B85 /* FavoriteRecipesModule */ = {
			isa = PBXGroup;
			children = (
				9FB896FF234FD8D2004C3B85 /* FavoriteRecipesListPresenter.swift */,
				9FB89700234FD8D2004C3B85 /* FavoriteRecipesListInteractor.swift */,
				9FB89701234FD8D2004C3B85 /* FavoriteRecipesListRouter.swift */,
				9FB89702234FD8D2004C3B85 /* FavoriteRecipesListViewController.swift */,
				9FB89707234FDA49004C3B85 /* FavoriteRecipesListViewController.xib */,
			);
			path = FavoriteRecipesModule;
			sourceTree = "<group>";
		};
		9FB8970923505429004C3B85 /* ReusableComponents */ = {
			isa = PBXGroup;
			children = (
				9FB896DB234E30F7004C3B85 /* Cell */,
			);
			path = ReusableComponents;
			sourceTree = "<group>";
		};
		D821AAB96680AFACD89F6B77 /* Frameworks */ = {
			isa = PBXGroup;
			children = (
				CEFA260E9A53D54F6C6281C4 /* Pods_RecipePuppyApp.framework */,
				9E7654EDDAE5185EBE11E1F7 /* Pods_RecipePuppyApp_RecipePuppyAppUITests.framework */,
				84A9C22BE49F3AC395230D01 /* Pods_RecipePuppyAppTests.framework */,
			);
			name = Frameworks;
			sourceTree = "<group>";
		};
/* End PBXGroup section */

/* Begin PBXNativeTarget section */
		9F5F9622234A2354008445C8 /* RecipePuppyApp */ = {
			isa = PBXNativeTarget;
			buildConfigurationList = 9F5F964D234A2355008445C8 /* Build configuration list for PBXNativeTarget "RecipePuppyApp" */;
			buildPhases = (
				18F42AB86EC2971E44BA3740 /* [CP] Check Pods Manifest.lock */,
				9F5F961F234A2354008445C8 /* Sources */,
				9F5F9620234A2354008445C8 /* Frameworks */,
				9F5F9621234A2354008445C8 /* Resources */,
				25B1F8169F35E2AD84A95ED7 /* [CP] Embed Pods Frameworks */,
			);
			buildRules = (
			);
			dependencies = (
			);
			name = RecipePuppyApp;
			productName = RecipePuppyApp;
			productReference = 9F5F9623234A2354008445C8 /* RecipePuppyApp.app */;
			productType = "com.apple.product-type.application";
		};
		9F5F9638234A2355008445C8 /* RecipePuppyAppTests */ = {
			isa = PBXNativeTarget;
			buildConfigurationList = 9F5F9650234A2355008445C8 /* Build configuration list for PBXNativeTarget "RecipePuppyAppTests" */;
			buildPhases = (
				FE35957D24B83C520ADF21A2 /* [CP] Check Pods Manifest.lock */,
				9F5F9635234A2355008445C8 /* Sources */,
				9F5F9636234A2355008445C8 /* Frameworks */,
				9F5F9637234A2355008445C8 /* Resources */,
			);
			buildRules = (
			);
			dependencies = (
				9F5F963B234A2355008445C8 /* PBXTargetDependency */,
			);
			name = RecipePuppyAppTests;
			productName = RecipePuppyAppTests;
			productReference = 9F5F9639234A2355008445C8 /* RecipePuppyAppTests.xctest */;
			productType = "com.apple.product-type.bundle.unit-test";
		};
		9F5F9643234A2355008445C8 /* RecipePuppyAppUITests */ = {
			isa = PBXNativeTarget;
			buildConfigurationList = 9F5F9653234A2355008445C8 /* Build configuration list for PBXNativeTarget "RecipePuppyAppUITests" */;
			buildPhases = (
				2F4A5161B21213F8837BF182 /* [CP] Check Pods Manifest.lock */,
				9F5F9640234A2355008445C8 /* Sources */,
				9F5F9641234A2355008445C8 /* Frameworks */,
				9F5F9642234A2355008445C8 /* Resources */,
				19F51C9BFA8BAAACAD64542E /* [CP] Embed Pods Frameworks */,
			);
			buildRules = (
			);
			dependencies = (
				9F5F9646234A2355008445C8 /* PBXTargetDependency */,
			);
			name = RecipePuppyAppUITests;
			productName = RecipePuppyAppUITests;
			productReference = 9F5F9644234A2355008445C8 /* RecipePuppyAppUITests.xctest */;
			productType = "com.apple.product-type.bundle.ui-testing";
		};
/* End PBXNativeTarget section */

/* Begin PBXProject section */
		9F5F961B234A2354008445C8 /* Project object */ = {
			isa = PBXProject;
			attributes = {
				LastSwiftUpdateCheck = 1100;
				LastUpgradeCheck = 1100;
				ORGANIZATIONNAME = "Rodrigo Nunes Gil";
				TargetAttributes = {
					9F5F9622234A2354008445C8 = {
						CreatedOnToolsVersion = 11.0;
					};
					9F5F9638234A2355008445C8 = {
						CreatedOnToolsVersion = 11.0;
						TestTargetID = 9F5F9622234A2354008445C8;
					};
					9F5F9643234A2355008445C8 = {
						CreatedOnToolsVersion = 11.0;
						TestTargetID = 9F5F9622234A2354008445C8;
					};
				};
			};
			buildConfigurationList = 9F5F961E234A2354008445C8 /* Build configuration list for PBXProject "RecipePuppyApp" */;
			compatibilityVersion = "Xcode 9.3";
			developmentRegion = en;
			hasScannedForEncodings = 0;
			knownRegions = (
				en,
				Base,
			);
			mainGroup = 9F5F961A234A2354008445C8;
			productRefGroup = 9F5F9624234A2354008445C8 /* Products */;
			projectDirPath = "";
			projectRoot = "";
			targets = (
				9F5F9622234A2354008445C8 /* RecipePuppyApp */,
				9F5F9638234A2355008445C8 /* RecipePuppyAppTests */,
				9F5F9643234A2355008445C8 /* RecipePuppyAppUITests */,
			);
		};
/* End PBXProject section */

/* Begin PBXResourcesBuildPhase section */
		9F5F9621234A2354008445C8 /* Resources */ = {
			isa = PBXResourcesBuildPhase;
			buildActionMask = 2147483647;
			files = (
				9FB896E1234E373E004C3B85 /* RecipeCollectionViewCell.xib in Resources */,
				9F5F9633234A2355008445C8 /* LaunchScreen.storyboard in Resources */,
				9FB89708234FDA49004C3B85 /* FavoriteRecipesListViewController.xib in Resources */,
				9F5F9630234A2355008445C8 /* Assets.xcassets in Resources */,
				9FB896F3234F795F004C3B85 /* WebViewController.xib in Resources */,
				9FB896DD234E3123004C3B85 /* RecipesListViewController.xib in Resources */,
			);
			runOnlyForDeploymentPostprocessing = 0;
		};
		9F5F9637234A2355008445C8 /* Resources */ = {
			isa = PBXResourcesBuildPhase;
			buildActionMask = 2147483647;
			files = (
			);
			runOnlyForDeploymentPostprocessing = 0;
		};
		9F5F9642234A2355008445C8 /* Resources */ = {
			isa = PBXResourcesBuildPhase;
			buildActionMask = 2147483647;
			files = (
			);
			runOnlyForDeploymentPostprocessing = 0;
		};
/* End PBXResourcesBuildPhase section */

/* Begin PBXShellScriptBuildPhase section */
		18F42AB86EC2971E44BA3740 /* [CP] Check Pods Manifest.lock */ = {
			isa = PBXShellScriptBuildPhase;
			buildActionMask = 2147483647;
			files = (
			);
			inputFileListPaths = (
			);
			inputPaths = (
				"${PODS_PODFILE_DIR_PATH}/Podfile.lock",
				"${PODS_ROOT}/Manifest.lock",
			);
			name = "[CP] Check Pods Manifest.lock";
			outputFileListPaths = (
			);
			outputPaths = (
				"$(DERIVED_FILE_DIR)/Pods-RecipePuppyApp-checkManifestLockResult.txt",
			);
			runOnlyForDeploymentPostprocessing = 0;
			shellPath = /bin/sh;
			shellScript = "diff \"${PODS_PODFILE_DIR_PATH}/Podfile.lock\" \"${PODS_ROOT}/Manifest.lock\" > /dev/null\nif [ $? != 0 ] ; then\n    # print error to STDERR\n    echo \"error: The sandbox is not in sync with the Podfile.lock. Run 'pod install' or update your CocoaPods installation.\" >&2\n    exit 1\nfi\n# This output is used by Xcode 'outputs' to avoid re-running this script phase.\necho \"SUCCESS\" > \"${SCRIPT_OUTPUT_FILE_0}\"\n";
			showEnvVarsInLog = 0;
		};
		19F51C9BFA8BAAACAD64542E /* [CP] Embed Pods Frameworks */ = {
			isa = PBXShellScriptBuildPhase;
			buildActionMask = 2147483647;
			files = (
			);
			inputFileListPaths = (
			);
			inputPaths = (
				"${PODS_ROOT}/Target Support Files/Pods-RecipePuppyApp-RecipePuppyAppUITests/Pods-RecipePuppyApp-RecipePuppyAppUITests-frameworks.sh",
				"${BUILT_PRODUCTS_DIR}/Kingfisher/Kingfisher.framework",
				"${BUILT_PRODUCTS_DIR}/SwiftyMocky/SwiftyMocky.framework",
				"${BUILT_PRODUCTS_DIR}/Swinject/Swinject.framework",
			);
			name = "[CP] Embed Pods Frameworks";
			outputFileListPaths = (
			);
			outputPaths = (
				"${TARGET_BUILD_DIR}/${FRAMEWORKS_FOLDER_PATH}/Kingfisher.framework",
				"${TARGET_BUILD_DIR}/${FRAMEWORKS_FOLDER_PATH}/SwiftyMocky.framework",
				"${TARGET_BUILD_DIR}/${FRAMEWORKS_FOLDER_PATH}/Swinject.framework",
			);
			runOnlyForDeploymentPostprocessing = 0;
			shellPath = /bin/sh;
			shellScript = "\"${PODS_ROOT}/Target Support Files/Pods-RecipePuppyApp-RecipePuppyAppUITests/Pods-RecipePuppyApp-RecipePuppyAppUITests-frameworks.sh\"\n";
			showEnvVarsInLog = 0;
		};
		25B1F8169F35E2AD84A95ED7 /* [CP] Embed Pods Frameworks */ = {
			isa = PBXShellScriptBuildPhase;
			buildActionMask = 2147483647;
			files = (
			);
			inputFileListPaths = (
			);
			inputPaths = (
				"${PODS_ROOT}/Target Support Files/Pods-RecipePuppyApp/Pods-RecipePuppyApp-frameworks.sh",
				"${BUILT_PRODUCTS_DIR}/Kingfisher/Kingfisher.framework",
				"${BUILT_PRODUCTS_DIR}/SwiftyMocky/SwiftyMocky.framework",
				"${BUILT_PRODUCTS_DIR}/Swinject/Swinject.framework",
			);
			name = "[CP] Embed Pods Frameworks";
			outputFileListPaths = (
			);
			outputPaths = (
				"${TARGET_BUILD_DIR}/${FRAMEWORKS_FOLDER_PATH}/Kingfisher.framework",
				"${TARGET_BUILD_DIR}/${FRAMEWORKS_FOLDER_PATH}/SwiftyMocky.framework",
				"${TARGET_BUILD_DIR}/${FRAMEWORKS_FOLDER_PATH}/Swinject.framework",
			);
			runOnlyForDeploymentPostprocessing = 0;
			shellPath = /bin/sh;
			shellScript = "\"${PODS_ROOT}/Target Support Files/Pods-RecipePuppyApp/Pods-RecipePuppyApp-frameworks.sh\"\n";
			showEnvVarsInLog = 0;
		};
		2F4A5161B21213F8837BF182 /* [CP] Check Pods Manifest.lock */ = {
			isa = PBXShellScriptBuildPhase;
			buildActionMask = 2147483647;
			files = (
			);
			inputFileListPaths = (
			);
			inputPaths = (
				"${PODS_PODFILE_DIR_PATH}/Podfile.lock",
				"${PODS_ROOT}/Manifest.lock",
			);
			name = "[CP] Check Pods Manifest.lock";
			outputFileListPaths = (
			);
			outputPaths = (
				"$(DERIVED_FILE_DIR)/Pods-RecipePuppyApp-RecipePuppyAppUITests-checkManifestLockResult.txt",
			);
			runOnlyForDeploymentPostprocessing = 0;
			shellPath = /bin/sh;
			shellScript = "diff \"${PODS_PODFILE_DIR_PATH}/Podfile.lock\" \"${PODS_ROOT}/Manifest.lock\" > /dev/null\nif [ $? != 0 ] ; then\n    # print error to STDERR\n    echo \"error: The sandbox is not in sync with the Podfile.lock. Run 'pod install' or update your CocoaPods installation.\" >&2\n    exit 1\nfi\n# This output is used by Xcode 'outputs' to avoid re-running this script phase.\necho \"SUCCESS\" > \"${SCRIPT_OUTPUT_FILE_0}\"\n";
			showEnvVarsInLog = 0;
		};
		FE35957D24B83C520ADF21A2 /* [CP] Check Pods Manifest.lock */ = {
			isa = PBXShellScriptBuildPhase;
			buildActionMask = 2147483647;
			files = (
			);
			inputFileListPaths = (
			);
			inputPaths = (
				"${PODS_PODFILE_DIR_PATH}/Podfile.lock",
				"${PODS_ROOT}/Manifest.lock",
			);
			name = "[CP] Check Pods Manifest.lock";
			outputFileListPaths = (
			);
			outputPaths = (
				"$(DERIVED_FILE_DIR)/Pods-RecipePuppyAppTests-checkManifestLockResult.txt",
			);
			runOnlyForDeploymentPostprocessing = 0;
			shellPath = /bin/sh;
			shellScript = "diff \"${PODS_PODFILE_DIR_PATH}/Podfile.lock\" \"${PODS_ROOT}/Manifest.lock\" > /dev/null\nif [ $? != 0 ] ; then\n    # print error to STDERR\n    echo \"error: The sandbox is not in sync with the Podfile.lock. Run 'pod install' or update your CocoaPods installation.\" >&2\n    exit 1\nfi\n# This output is used by Xcode 'outputs' to avoid re-running this script phase.\necho \"SUCCESS\" > \"${SCRIPT_OUTPUT_FILE_0}\"\n";
			showEnvVarsInLog = 0;
		};
/* End PBXShellScriptBuildPhase section */

/* Begin PBXSourcesBuildPhase section */
		9F5F961F234A2354008445C8 /* Sources */ = {
			isa = PBXSourcesBuildPhase;
			buildActionMask = 2147483647;
			files = (
				9FB896B8234CE730004C3B85 /* NetworkConstants.swift in Sources */,
				9FB896C9234DCE63004C3B85 /* RecipeApiResponse.swift in Sources */,
				9FB896E0234E373E004C3B85 /* RecipeCollectionViewCell.swift in Sources */,
				9FB896BF234D05F6004C3B85 /* DataMapperProtocol.swift in Sources */,
				9F5F9667234B3079008445C8 /* HTTPMethod.swift in Sources */,
				9FB896C7234D3FB2004C3B85 /* NetworkRequestBuilder.swift in Sources */,
				9FB896D9234E3066004C3B85 /* RecipesListRouter.swift in Sources */,
				9FB896A8234C796C004C3B85 /* NetworkError.swift in Sources */,
				9F5F966A234B30CD008445C8 /* HTTPTask.swift in Sources */,
				9F5F9627234A2354008445C8 /* AppDelegate.swift in Sources */,
				9FB896F6234F8D0D004C3B85 /* LocalDataManager.swift in Sources */,
				9FB896D8234E3066004C3B85 /* RecipesListInteractor.swift in Sources */,
				9FB896FA234FB4EF004C3B85 /* GetFavoriteRecipesUseCase.swift in Sources */,
				9FB896F2234F795F004C3B85 /* WebViewController.swift in Sources */,
				9FB89703234FD8D2004C3B85 /* FavoriteRecipesListPresenter.swift in Sources */,
				9FB896BD234D05B2004C3B85 /* RecipeEntityDataMapper.swift in Sources */,
				9FB896EC234E4522004C3B85 /* RecipeCollectionCellViewModel.swift in Sources */,
				9FB896B6234CDA6F004C3B85 /* RecipeEndPoint.swift in Sources */,
				9FB896AA234C8121004C3B85 /* NetworkRouter.swift in Sources */,
				9FB896D7234E3066004C3B85 /* RecipesListPresenter.swift in Sources */,
				9F5F966C234B3298008445C8 /* ParameterEncoding.swift in Sources */,
				9FB896B3234CD12E004C3B85 /* RecipesService.swift in Sources */,
				9FB896BA234CF40F004C3B85 /* RecipeEntity.swift in Sources */,
				9FB896FC234FBBD5004C3B85 /* SaveFavoriteRecipeUseCase.swift in Sources */,
				9FB89706234FD8D2004C3B85 /* FavoriteRecipesListViewController.swift in Sources */,
				9FB89705234FD8D2004C3B85 /* FavoriteRecipesListRouter.swift in Sources */,
				9FB896C5234D1F42004C3B85 /* RecipeRepositoryImpl.swift in Sources */,
				9FB896C3234D18C3004C3B85 /* RecipeRepository.swift in Sources */,
				9FB89704234FD8D2004C3B85 /* FavoriteRecipesListInteractor.swift in Sources */,
				9FB896DA234E3066004C3B85 /* RecipesListViewController.swift in Sources */,
				9F5F9665234B2FD4008445C8 /* NetworkEndPoint.swift in Sources */,
				9FB896CD234DD906004C3B85 /* GetRecipeUseCase.swift in Sources */,
				9FB896C1234D06C0004C3B85 /* Recipe.swift in Sources */,
			);
			runOnlyForDeploymentPostprocessing = 0;
		};
		9F5F9635234A2355008445C8 /* Sources */ = {
			isa = PBXSourcesBuildPhase;
			buildActionMask = 2147483647;
			files = (
				9FB8970B235065C2004C3B85 /* FavoriteRecipesModuleTests.swift in Sources */,
				9FB8970D235065F8004C3B85 /* RecipesListModuleTests.swift in Sources */,
				9FB896CF234DEC34004C3B85 /* Mock.generated.swift in Sources */,
			);
			runOnlyForDeploymentPostprocessing = 0;
		};
		9F5F9640234A2355008445C8 /* Sources */ = {
			isa = PBXSourcesBuildPhase;
			buildActionMask = 2147483647;
			files = (
				9F5F9649234A2355008445C8 /* RecipePuppyAppUITests.swift in Sources */,
			);
			runOnlyForDeploymentPostprocessing = 0;
		};
/* End PBXSourcesBuildPhase section */

/* Begin PBXTargetDependency section */
		9F5F963B234A2355008445C8 /* PBXTargetDependency */ = {
			isa = PBXTargetDependency;
			target = 9F5F9622234A2354008445C8 /* RecipePuppyApp */;
			targetProxy = 9F5F963A234A2355008445C8 /* PBXContainerItemProxy */;
		};
		9F5F9646234A2355008445C8 /* PBXTargetDependency */ = {
			isa = PBXTargetDependency;
			target = 9F5F9622234A2354008445C8 /* RecipePuppyApp */;
			targetProxy = 9F5F9645234A2355008445C8 /* PBXContainerItemProxy */;
		};
/* End PBXTargetDependency section */

/* Begin PBXVariantGroup section */
		9F5F9631234A2355008445C8 /* LaunchScreen.storyboard */ = {
			isa = PBXVariantGroup;
			children = (
				9F5F9632234A2355008445C8 /* Base */,
			);
			name = LaunchScreen.storyboard;
			sourceTree = "<group>";
		};
/* End PBXVariantGroup section */

/* Begin XCBuildConfiguration section */
		9F5F964B234A2355008445C8 /* Debug */ = {
			isa = XCBuildConfiguration;
			buildSettings = {
				ALWAYS_SEARCH_USER_PATHS = NO;
				CLANG_ANALYZER_NONNULL = YES;
				CLANG_ANALYZER_NUMBER_OBJECT_CONVERSION = YES_AGGRESSIVE;
				CLANG_CXX_LANGUAGE_STANDARD = "gnu++14";
				CLANG_CXX_LIBRARY = "libc++";
				CLANG_ENABLE_MODULES = YES;
				CLANG_ENABLE_OBJC_ARC = YES;
				CLANG_ENABLE_OBJC_WEAK = YES;
				CLANG_WARN_BLOCK_CAPTURE_AUTORELEASING = YES;
				CLANG_WARN_BOOL_CONVERSION = YES;
				CLANG_WARN_COMMA = YES;
				CLANG_WARN_CONSTANT_CONVERSION = YES;
				CLANG_WARN_DEPRECATED_OBJC_IMPLEMENTATIONS = YES;
				CLANG_WARN_DIRECT_OBJC_ISA_USAGE = YES_ERROR;
				CLANG_WARN_DOCUMENTATION_COMMENTS = YES;
				CLANG_WARN_EMPTY_BODY = YES;
				CLANG_WARN_ENUM_CONVERSION = YES;
				CLANG_WARN_INFINITE_RECURSION = YES;
				CLANG_WARN_INT_CONVERSION = YES;
				CLANG_WARN_NON_LITERAL_NULL_CONVERSION = YES;
				CLANG_WARN_OBJC_IMPLICIT_RETAIN_SELF = YES;
				CLANG_WARN_OBJC_LITERAL_CONVERSION = YES;
				CLANG_WARN_OBJC_ROOT_CLASS = YES_ERROR;
				CLANG_WARN_RANGE_LOOP_ANALYSIS = YES;
				CLANG_WARN_STRICT_PROTOTYPES = YES;
				CLANG_WARN_SUSPICIOUS_MOVE = YES;
				CLANG_WARN_UNGUARDED_AVAILABILITY = YES_AGGRESSIVE;
				CLANG_WARN_UNREACHABLE_CODE = YES;
				CLANG_WARN__DUPLICATE_METHOD_MATCH = YES;
				COPY_PHASE_STRIP = NO;
				DEBUG_INFORMATION_FORMAT = dwarf;
				ENABLE_STRICT_OBJC_MSGSEND = YES;
				ENABLE_TESTABILITY = YES;
				GCC_C_LANGUAGE_STANDARD = gnu11;
				GCC_DYNAMIC_NO_PIC = NO;
				GCC_NO_COMMON_BLOCKS = YES;
				GCC_OPTIMIZATION_LEVEL = 0;
				GCC_PREPROCESSOR_DEFINITIONS = (
					"DEBUG=1",
					"$(inherited)",
				);
				GCC_WARN_64_TO_32_BIT_CONVERSION = YES;
				GCC_WARN_ABOUT_RETURN_TYPE = YES_ERROR;
				GCC_WARN_UNDECLARED_SELECTOR = YES;
				GCC_WARN_UNINITIALIZED_AUTOS = YES_AGGRESSIVE;
				GCC_WARN_UNUSED_FUNCTION = YES;
				GCC_WARN_UNUSED_VARIABLE = YES;
				IPHONEOS_DEPLOYMENT_TARGET = 11.0;
				MTL_ENABLE_DEBUG_INFO = INCLUDE_SOURCE;
				MTL_FAST_MATH = YES;
				ONLY_ACTIVE_ARCH = YES;
				SDKROOT = iphoneos;
				SWIFT_ACTIVE_COMPILATION_CONDITIONS = DEBUG;
				SWIFT_OPTIMIZATION_LEVEL = "-Onone";
			};
			name = Debug;
		};
		9F5F964C234A2355008445C8 /* Release */ = {
			isa = XCBuildConfiguration;
			buildSettings = {
				ALWAYS_SEARCH_USER_PATHS = NO;
				CLANG_ANALYZER_NONNULL = YES;
				CLANG_ANALYZER_NUMBER_OBJECT_CONVERSION = YES_AGGRESSIVE;
				CLANG_CXX_LANGUAGE_STANDARD = "gnu++14";
				CLANG_CXX_LIBRARY = "libc++";
				CLANG_ENABLE_MODULES = YES;
				CLANG_ENABLE_OBJC_ARC = YES;
				CLANG_ENABLE_OBJC_WEAK = YES;
				CLANG_WARN_BLOCK_CAPTURE_AUTORELEASING = YES;
				CLANG_WARN_BOOL_CONVERSION = YES;
				CLANG_WARN_COMMA = YES;
				CLANG_WARN_CONSTANT_CONVERSION = YES;
				CLANG_WARN_DEPRECATED_OBJC_IMPLEMENTATIONS = YES;
				CLANG_WARN_DIRECT_OBJC_ISA_USAGE = YES_ERROR;
				CLANG_WARN_DOCUMENTATION_COMMENTS = YES;
				CLANG_WARN_EMPTY_BODY = YES;
				CLANG_WARN_ENUM_CONVERSION = YES;
				CLANG_WARN_INFINITE_RECURSION = YES;
				CLANG_WARN_INT_CONVERSION = YES;
				CLANG_WARN_NON_LITERAL_NULL_CONVERSION = YES;
				CLANG_WARN_OBJC_IMPLICIT_RETAIN_SELF = YES;
				CLANG_WARN_OBJC_LITERAL_CONVERSION = YES;
				CLANG_WARN_OBJC_ROOT_CLASS = YES_ERROR;
				CLANG_WARN_RANGE_LOOP_ANALYSIS = YES;
				CLANG_WARN_STRICT_PROTOTYPES = YES;
				CLANG_WARN_SUSPICIOUS_MOVE = YES;
				CLANG_WARN_UNGUARDED_AVAILABILITY = YES_AGGRESSIVE;
				CLANG_WARN_UNREACHABLE_CODE = YES;
				CLANG_WARN__DUPLICATE_METHOD_MATCH = YES;
				COPY_PHASE_STRIP = NO;
				DEBUG_INFORMATION_FORMAT = "dwarf-with-dsym";
				ENABLE_NS_ASSERTIONS = NO;
				ENABLE_STRICT_OBJC_MSGSEND = YES;
				GCC_C_LANGUAGE_STANDARD = gnu11;
				GCC_NO_COMMON_BLOCKS = YES;
				GCC_WARN_64_TO_32_BIT_CONVERSION = YES;
				GCC_WARN_ABOUT_RETURN_TYPE = YES_ERROR;
				GCC_WARN_UNDECLARED_SELECTOR = YES;
				GCC_WARN_UNINITIALIZED_AUTOS = YES_AGGRESSIVE;
				GCC_WARN_UNUSED_FUNCTION = YES;
				GCC_WARN_UNUSED_VARIABLE = YES;
				IPHONEOS_DEPLOYMENT_TARGET = 11.0;
				MTL_ENABLE_DEBUG_INFO = NO;
				MTL_FAST_MATH = YES;
				SDKROOT = iphoneos;
				SWIFT_COMPILATION_MODE = wholemodule;
				SWIFT_OPTIMIZATION_LEVEL = "-O";
				VALIDATE_PRODUCT = YES;
			};
			name = Release;
		};
		9F5F964E234A2355008445C8 /* Debug */ = {
			isa = XCBuildConfiguration;
			baseConfigurationReference = D7F1A562B48E2B23DF5E0BC7 /* Pods-RecipePuppyApp.debug.xcconfig */;
			buildSettings = {
				ASSETCATALOG_COMPILER_APPICON_NAME = AppIcon;
				CODE_SIGN_IDENTITY = "Apple Development";
				CODE_SIGN_STYLE = Automatic;
				DEVELOPMENT_TEAM = WULF96SQ4T;
				INFOPLIST_FILE = RecipePuppyApp/Info.plist;
				LD_RUNPATH_SEARCH_PATHS = (
					"$(inherited)",
					"@executable_path/Frameworks",
				);
				PRODUCT_BUNDLE_IDENTIFIER = com.rodrigonunesgil.RecipePuppyApp;
				PRODUCT_NAME = "$(TARGET_NAME)";
				PROVISIONING_PROFILE_SPECIFIER = "";
				SWIFT_VERSION = 5.0;
				TARGETED_DEVICE_FAMILY = "1,2";
			};
			name = Debug;
		};
		9F5F964F234A2355008445C8 /* Release */ = {
			isa = XCBuildConfiguration;
			baseConfigurationReference = 900DF60DDC75C5CAC9C129C7 /* Pods-RecipePuppyApp.release.xcconfig */;
			buildSettings = {
				ASSETCATALOG_COMPILER_APPICON_NAME = AppIcon;
				CODE_SIGN_IDENTITY = "Apple Development";
				CODE_SIGN_STYLE = Manual;
				DEVELOPMENT_TEAM = "";
				INFOPLIST_FILE = RecipePuppyApp/Info.plist;
				LD_RUNPATH_SEARCH_PATHS = (
					"$(inherited)",
					"@executable_path/Frameworks",
				);
				PRODUCT_BUNDLE_IDENTIFIER = com.rodrigonunesgil.RecipePuppyApp;
				PRODUCT_NAME = "$(TARGET_NAME)";
				PROVISIONING_PROFILE_SPECIFIER = "";
				SWIFT_VERSION = 5.0;
				TARGETED_DEVICE_FAMILY = "1,2";
			};
			name = Release;
		};
		9F5F9651234A2355008445C8 /* Debug */ = {
			isa = XCBuildConfiguration;
			baseConfigurationReference = 81585B525A9E331A7D60434D /* Pods-RecipePuppyAppTests.debug.xcconfig */;
			buildSettings = {
				ALWAYS_EMBED_SWIFT_STANDARD_LIBRARIES = YES;
				BUNDLE_LOADER = "$(TEST_HOST)";
				CODE_SIGN_STYLE = Automatic;
				DEVELOPMENT_TEAM = WULF96SQ4T;
				INFOPLIST_FILE = RecipePuppyAppTests/Info.plist;
				IPHONEOS_DEPLOYMENT_TARGET = 13.0;
				LD_RUNPATH_SEARCH_PATHS = (
					"$(inherited)",
					"@executable_path/Frameworks",
					"@loader_path/Frameworks",
				);
				PRODUCT_BUNDLE_IDENTIFIER = com.rodrigonunesgil.RecipePuppyAppTests;
				PRODUCT_NAME = "$(TARGET_NAME)";
				SWIFT_VERSION = 5.0;
				TARGETED_DEVICE_FAMILY = "1,2";
				TEST_HOST = "$(BUILT_PRODUCTS_DIR)/RecipePuppyApp.app/RecipePuppyApp";
			};
			name = Debug;
		};
		9F5F9652234A2355008445C8 /* Release */ = {
			isa = XCBuildConfiguration;
			baseConfigurationReference = FE7207ECF90265C1E12A4BF9 /* Pods-RecipePuppyAppTests.release.xcconfig */;
			buildSettings = {
				ALWAYS_EMBED_SWIFT_STANDARD_LIBRARIES = YES;
				BUNDLE_LOADER = "$(TEST_HOST)";
				CODE_SIGN_STYLE = Automatic;
				DEVELOPMENT_TEAM = WULF96SQ4T;
				INFOPLIST_FILE = RecipePuppyAppTests/Info.plist;
				IPHONEOS_DEPLOYMENT_TARGET = 13.0;
				LD_RUNPATH_SEARCH_PATHS = (
					"$(inherited)",
					"@executable_path/Frameworks",
					"@loader_path/Frameworks",
				);
				PRODUCT_BUNDLE_IDENTIFIER = com.rodrigonunesgil.RecipePuppyAppTests;
				PRODUCT_NAME = "$(TARGET_NAME)";
				SWIFT_VERSION = 5.0;
				TARGETED_DEVICE_FAMILY = "1,2";
				TEST_HOST = "$(BUILT_PRODUCTS_DIR)/RecipePuppyApp.app/RecipePuppyApp";
			};
			name = Release;
		};
		9F5F9654234A2355008445C8 /* Debug */ = {
			isa = XCBuildConfiguration;
			baseConfigurationReference = 1941B9B1B78659521D0410C5 /* Pods-RecipePuppyApp-RecipePuppyAppUITests.debug.xcconfig */;
			buildSettings = {
				ALWAYS_EMBED_SWIFT_STANDARD_LIBRARIES = YES;
				CODE_SIGN_STYLE = Automatic;
				DEVELOPMENT_TEAM = WULF96SQ4T;
				INFOPLIST_FILE = RecipePuppyAppUITests/Info.plist;
				LD_RUNPATH_SEARCH_PATHS = (
					"$(inherited)",
					"@executable_path/Frameworks",
					"@loader_path/Frameworks",
				);
				PRODUCT_BUNDLE_IDENTIFIER = com.rodrigonunesgil.RecipePuppyAppUITests;
				PRODUCT_NAME = "$(TARGET_NAME)";
				SWIFT_VERSION = 5.0;
				TARGETED_DEVICE_FAMILY = "1,2";
				TEST_TARGET_NAME = RecipePuppyApp;
			};
			name = Debug;
		};
		9F5F9655234A2355008445C8 /* Release */ = {
			isa = XCBuildConfiguration;
			baseConfigurationReference = 17540DE20050C021B6C31F3C /* Pods-RecipePuppyApp-RecipePuppyAppUITests.release.xcconfig */;
			buildSettings = {
				ALWAYS_EMBED_SWIFT_STANDARD_LIBRARIES = YES;
				CODE_SIGN_STYLE = Automatic;
				DEVELOPMENT_TEAM = WULF96SQ4T;
				INFOPLIST_FILE = RecipePuppyAppUITests/Info.plist;
				LD_RUNPATH_SEARCH_PATHS = (
					"$(inherited)",
					"@executable_path/Frameworks",
					"@loader_path/Frameworks",
				);
				PRODUCT_BUNDLE_IDENTIFIER = com.rodrigonunesgil.RecipePuppyAppUITests;
				PRODUCT_NAME = "$(TARGET_NAME)";
				SWIFT_VERSION = 5.0;
				TARGETED_DEVICE_FAMILY = "1,2";
				TEST_TARGET_NAME = RecipePuppyApp;
			};
			name = Release;
		};
/* End XCBuildConfiguration section */

/* Begin XCConfigurationList section */
		9F5F961E234A2354008445C8 /* Build configuration list for PBXProject "RecipePuppyApp" */ = {
			isa = XCConfigurationList;
			buildConfigurations = (
				9F5F964B234A2355008445C8 /* Debug */,
				9F5F964C234A2355008445C8 /* Release */,
			);
			defaultConfigurationIsVisible = 0;
			defaultConfigurationName = Release;
		};
		9F5F964D234A2355008445C8 /* Build configuration list for PBXNativeTarget "RecipePuppyApp" */ = {
			isa = XCConfigurationList;
			buildConfigurations = (
				9F5F964E234A2355008445C8 /* Debug */,
				9F5F964F234A2355008445C8 /* Release */,
			);
			defaultConfigurationIsVisible = 0;
			defaultConfigurationName = Release;
		};
		9F5F9650234A2355008445C8 /* Build configuration list for PBXNativeTarget "RecipePuppyAppTests" */ = {
			isa = XCConfigurationList;
			buildConfigurations = (
				9F5F9651234A2355008445C8 /* Debug */,
				9F5F9652234A2355008445C8 /* Release */,
			);
			defaultConfigurationIsVisible = 0;
			defaultConfigurationName = Release;
		};
		9F5F9653234A2355008445C8 /* Build configuration list for PBXNativeTarget "RecipePuppyAppUITests" */ = {
			isa = XCConfigurationList;
			buildConfigurations = (
				9F5F9654234A2355008445C8 /* Debug */,
				9F5F9655234A2355008445C8 /* Release */,
			);
			defaultConfigurationIsVisible = 0;
			defaultConfigurationName = Release;
		};
/* End XCConfigurationList section */
	};
	rootObject = 9F5F961B234A2354008445C8 /* Project object */;
}
